
Microsoft Visual Studio Solution File, Format Version 12.00
# Visual Studio Version 16
VisualStudioVersion = 16.0.30517.126
MinimumVisualStudioVersion = 10.0.40219.1
Project("{9A19103F-16F7-4668-BE54-9A1E7A4F7556}") = "UserRegistration", "UserRegistration\UserRegistration.csproj", "{EE0B71A2-37F1-4D88-9121-6DA60E8E2A6A}"
EndProject
Project("{FAE04EC0-301F-11D3-BF4B-00C04F79EFBC}") = "UserRegistrationTest", "UserRegistrationTest\UserRegistrationTest.csproj", "{43904B9D-42D5-478F-931D-021F44E6D4BA}"
EndProject
Global
	GlobalSection(SolutionConfigurationPlatforms) = preSolution
		Debug|Any CPU = Debug|Any CPU
		Release|Any CPU = Release|Any CPU
	EndGlobalSection
	GlobalSection(ProjectConfigurationPlatforms) = postSolution
		{EE0B71A2-37F1-4D88-9121-6DA60E8E2A6A}.Debug|Any CPU.ActiveCfg = Debug|Any CPU
		{EE0B71A2-37F1-4D88-9121-6DA60E8E2A6A}.Debug|Any CPU.Build.0 = Debug|Any CPU
		{EE0B71A2-37F1-4D88-9121-6DA60E8E2A6A}.Release|Any CPU.ActiveCfg = Release|Any CPU
		{EE0B71A2-37F1-4D88-9121-6DA60E8E2A6A}.Release|Any CPU.Build.0 = Release|Any CPU
		{43904B9D-42D5-478F-931D-021F44E6D4BA}.Debug|Any CPU.ActiveCfg = Debug|Any CPU
		{43904B9D-42D5-478F-931D-021F44E6D4BA}.Debug|Any CPU.Build.0 = Debug|Any CPU
		{43904B9D-42D5-478F-931D-021F44E6D4BA}.Release|Any CPU.ActiveCfg = Release|Any CPU
		{43904B9D-42D5-478F-931D-021F44E6D4BA}.Release|Any CPU.Build.0 = Release|Any CPU
	EndGlobalSection
	GlobalSection(SolutionProperties) = preSolution
		HideSolutionNode = FALSE
	EndGlobalSection
	GlobalSection(ExtensibilityGlobals) = postSolution
		SolutionGuid = {803B85C3-BBF6-4648-8561-88845E338E02}
	EndGlobalSection
EndGlobal
